{
  "nodes": {
    "devenv": {
      "locked": {
        "dir": "src/modules",
        "lastModified": 1775316197,
        "narHash": "sha256-Z2/xPvF9hvqmUMZ1EtyMsGULTN3jyyG4gEI4d3AL4rw=",
        "owner": "cachix",
        "repo": "devenv",
        "rev": "b1786b88aaec2d42afa10e7a057423475ac30ff6",
        "type": "github"
      },
      "original": {
        "dir": "src/modules",
        "owner": "cachix",
        "repo": "devenv",
        "type": "github"
      }
    },
    "devenv-module-devcontainer": {
      "flake": false,
      "locked": {
        "lastModified": 1775203419,
        "narHash": "sha256-lasDZlcdVDDi4SDjMw77E+8BEto3Os45HjRnuUkoJtA=",
        "owner": "datakurre",
        "repo": "devenv-module-devcontainer",
        "rev": "be28f5111bc646960aec9062fd0417bbf1a14b9f",
        "type": "github"
      },
      "original": {
        "owner": "datakurre",
        "repo": "devenv-module-devcontainer",
        "type": "github"
      }
    },
    "devenv-module-devcontainer-nixpkgs": {
      "locked": {
        "lastModified": 1775315721,
        "narHash": "sha256-yBVNBYfLmB8mkc20qOKnhAynpbo2hgmUg6EFwpNRt9Q=",
        "owner": "nixos",
        "repo": "nixpkgs",
        "rev": "4f56956cf65cc7e52d244c57a316e76b9c37ec35",
        "type": "github"
      },
      "original": {
        "owner": "nixos",
        "repo": "nixpkgs",
        "type": "github"
      }
    },
    "nixpkgs": {
      "locked": {
        "lastModified": 1775315721,
        "narHash": "sha256-yBVNBYfLmB8mkc20qOKnhAynpbo2hgmUg6EFwpNRt9Q=",
        "owner": "nixos",
        "repo": "nixpkgs",
        "rev": "4f56956cf65cc7e52d244c57a316e76b9c37ec35",
        "type": "github"
      },
      "original": {
        "owner": "nixos",
        "repo": "nixpkgs",
        "type": "github"
      }
    },
    "pyproject-build-systems": {
      "inputs": {
        "nixpkgs": [
          "nixpkgs"
        ],
        "pyproject-nix": [
          "pyproject-nix"
        ],
        "uv2nix": [
          "uv2nix"
        ]
      },
      "locked": {
        "lastModified": 1773870109,
        "narHash": "sha256-ZoTdqZP03DcdoyxvpFHCAek4bkPUTUPUF3oCCgc3dP4=",
        "owner": "pyproject-nix",
        "repo": "build-system-pkgs",
        "rev": "b6e74f433b02fa4b8a7965ee24680f4867e2926f",
        "type": "github"
      },
      "original": {
        "owner": "pyproject-nix",
        "repo": "build-system-pkgs",
        "type": "github"
      }
    },
    "pyproject-nix": {
      "inputs": {
        "nixpkgs": [
          "nixpkgs"
        ]
      },
      "locked": {
        "lastModified": 1775197701,
        "narHash": "sha256-W9dcvnvbpZZexKVnDp/8NiNXqy2gnq1FWCD142/Skp8=",
        "owner": "pyproject-nix",
        "repo": "pyproject.nix",
        "rev": "946e5fb82c3443940c45e5a61686d173e2e21155",
        "type": "github"
      },
      "original": {
        "owner": "pyproject-nix",
        "repo": "pyproject.nix",
        "type": "github"
      }
    },
    "root": {
      "inputs": {
        "devenv": "devenv",
        "devenv-module-devcontainer": "devenv-module-devcontainer",
        "devenv-module-devcontainer-nixpkgs": "devenv-module-devcontainer-nixpkgs",
        "nixpkgs": "nixpkgs",
        "pyproject-build-systems": "pyproject-build-systems",
        "pyproject-nix": "pyproject-nix",
        "uv2nix": "uv2nix"
      }
    },
    "uv2nix": {
      "inputs": {
        "nixpkgs": [
          "nixpkgs"
        ],
        "pyproject-nix": [
          "pyproject-nix"
        ]
      },
      "locked": {
        "lastModified": 1775195476,
        "narHash": "sha256-uaPmLBiYfd6dpTJD8SI6+8Cg0ciUpHc5uN5EbFmd6SE=",
        "owner": "pyproject-nix",
        "repo": "uv2nix",
        "rev": "7fac30f496a7d9853e8c301a8edbfc35af50d418",
        "type": "github"
      },
      "original": {
        "owner": "pyproject-nix",
        "repo": "uv2nix",
        "type": "github"
      }
    }
  },
  "root": "root",
  "version": 7
}